{
  "version": 4,
  "terraform_version": "1.13.3",
  "serial": 44,
  "lineage": "f00077d3-68cf-a4de-3a31-5d0d0e44df1c",
  "outputs": {
    "ena_bronze_bucket": {
      "value": "gs://ena-data-bronze-sauter-hydro-forecast",
      "type": "string"
    },
    "ena_gold_bucket": {
      "value": "gs://ena-data-gold-sauter-hydro-forecast",
      "type": "string"
    },
    "ena_logs_bucket": {
      "value": "gs://ena-data-logs-sauter-hydro-forecast",
      "type": "string"
    },
    "ena_service_account_email": {
      "value": "sa-ena-pipeline@project-sauter-hydro-forecast.iam.gserviceaccount.com",
      "type": "string"
    },
    "ena_silver_bucket": {
      "value": "gs://ena-data-silver-sauter-hydro-forecast",
      "type": "string"
    },
    "ena_table_id": {
      "value": "ena_consolidado",
      "type": "string"
    },
    "github_service_account_email": {
      "value": "github-actions-sa@project-sauter-hydro-forecast.iam.gserviceaccount.com",
      "type": "string"
    },
    "project_id": {
      "value": "project-sauter-hydro-forecast",
      "type": "string"
    },
    "project_number": {
      "value": "608522675724",
      "type": "string"
    },
    "sa_ena_secret_id": {
      "value": "sa-ena-pipeline-key",
      "type": "string"
    },
    "workload_identity_provider": {
      "value": "projects/608522675724/locations/global/workloadIdentityPools/github-pool/providers/github-provider",
      "type": "string"
    }
  },
  "resources": [
    {
      "mode": "data",
      "type": "google_project",
      "name": "project",
      "provider": "provider[\"registry.terraform.io/hashicorp/google\"]",
      "instances": [
        {
          "schema_version": 0,
          "attributes": {
            "auto_create_network": null,
            "billing_account": "017D65-E12975-D2C74F",
            "deletion_policy": "DELETE",
            "effective_labels": {},
            "folder_id": null,
            "id": "projects/project-sauter-hydro-forecast",
            "labels": {},
            "name": "project-sauter-hydro-forecast",
            "number": "608522675724",
            "org_id": null,
            "project_id": "project-sauter-hydro-forecast",
            "skip_delete": null,
            "terraform_labels": {}
          },
          "sensitive_attributes": [],
          "identity_schema_version": 0
        }
      ]
    },
    {
      "mode": "managed",
      "type": "google_bigquery_dataset",
      "name": "ena_dataset",
      "provider": "provider[\"registry.terraform.io/hashicorp/google\"]",
      "instances": [
        {
          "schema_version": 0,
          "attributes": {
            "access": [
              {
                "dataset": [],
                "domain": "",
                "group_by_email": "",
                "iam_member": "",
                "role": "OWNER",
                "routine": [],
                "special_group": "",
                "user_by_email": "academicosdani@gmail.com",
                "view": []
              },
              {
                "dataset": [],
                "domain": "",
                "group_by_email": "",
                "iam_member": "",
                "role": "OWNER",
                "routine": [],
                "special_group": "projectOwners",
                "user_by_email": "",
                "view": []
              },
              {
                "dataset": [],
                "domain": "",
                "group_by_email": "",
                "iam_member": "",
                "role": "READER",
                "routine": [],
                "special_group": "projectReaders",
                "user_by_email": "",
                "view": []
              },
              {
                "dataset": [],
                "domain": "",
                "group_by_email": "",
                "iam_member": "",
                "role": "WRITER",
                "routine": [],
                "special_group": "",
                "user_by_email": "sa-ena-pipeline@project-sauter-hydro-forecast.iam.gserviceaccount.com",
                "view": []
              },
              {
                "dataset": [],
                "domain": "",
                "group_by_email": "",
                "iam_member": "",
                "role": "WRITER",
                "routine": [],
                "special_group": "projectWriters",
                "user_by_email": "",
                "view": []
              }
            ],
            "creation_time": 1758407153726,
            "dataset_id": "ena_analytics",
            "default_collation": "",
            "default_encryption_configuration": [],
            "default_partition_expiration_ms": 0,
            "default_table_expiration_ms": 0,
            "delete_contents_on_destroy": false,
            "description": "",
            "effective_labels": {},
            "etag": "Plz9vCbWi9VBy+h4MRh3Jg==",
            "external_dataset_reference": [],
            "friendly_name": "ENA Analytics Dataset",
            "id": "projects/project-sauter-hydro-forecast/datasets/ena_analytics",
            "is_case_insensitive": false,
            "labels": {},
            "last_modified_time": 1758423118909,
            "location": "us-central1",
            "max_time_travel_hours": "168",
            "project": "project-sauter-hydro-forecast",
            "resource_tags": {},
            "self_link": "https://bigquery.googleapis.com/bigquery/v2/projects/project-sauter-hydro-forecast/datasets/ena_analytics",
            "storage_billing_model": "",
            "terraform_labels": {},
            "timeouts": null
          },
          "sensitive_attributes": [],
          "identity_schema_version": 0,
          "private": "eyJlMmJmYjczMC1lY2FhLTExZTYtOGY4OC0zNDM2M2JjN2M0YzAiOnsiY3JlYXRlIjoxMjAwMDAwMDAwMDAwLCJkZWxldGUiOjEyMDAwMDAwMDAwMDAsInVwZGF0ZSI6MTIwMDAwMDAwMDAwMH19",
          "dependencies": [
            "google_project_service.apis"
          ]
        }
      ]
    },
    {
      "mode": "managed",
      "type": "google_bigquery_dataset_iam_member",
      "name": "ena_bq_access",
      "provider": "provider[\"registry.terraform.io/hashicorp/google\"]",
      "instances": [
        {
          "schema_version": 0,
          "attributes": {
            "condition": [],
            "dataset_id": "ena_analytics",
            "etag": "",
            "id": "projects/project-sauter-hydro-forecast/datasets/ena_analytics/roles/bigquery.dataEditor/serviceAccount:sa-ena-pipeline@project-sauter-hydro-forecast.iam.gserviceaccount.com",
            "member": "serviceAccount:sa-ena-pipeline@project-sauter-hydro-forecast.iam.gserviceaccount.com",
            "project": "project-sauter-hydro-forecast",
            "role": "roles/bigquery.dataEditor"
          },
          "sensitive_attributes": [],
          "identity_schema_version": 0,
          "private": "bnVsbA==",
          "dependencies": [
            "google_bigquery_dataset.ena_dataset",
            "google_project_service.apis",
            "google_service_account.sa_ena_pipeline"
          ]
        }
      ]
    },
    {
      "mode": "managed",
      "type": "google_bigquery_table",
      "name": "ena_consolidado",
      "provider": "provider[\"registry.terraform.io/hashicorp/google\"]",
      "instances": [
        {
          "schema_version": 0,
          "attributes": {
            "allow_resource_tags_on_deletion": false,
            "clustering": [
              "cod_resplanejamento",
              "nom_subsistema"
            ],
            "creation_time": 1758423670644,
            "dataset_id": "ena_analytics",
            "deletion_protection": true,
            "description": "",
            "effective_labels": {},
            "encryption_configuration": [],
            "etag": "/Qws15+09zJGj+w/Usub9Q==",
            "expiration_time": 0,
            "external_data_configuration": [],
            "friendly_name": "",
            "id": "projects/project-sauter-hydro-forecast/datasets/ena_analytics/tables/ena_consolidado",
            "labels": {},
            "last_modified_time": 1758423670697,
            "location": "us-central1",
            "materialized_view": [],
            "max_staleness": "",
            "num_bytes": 0,
            "num_long_term_bytes": 0,
            "num_rows": 0,
            "project": "project-sauter-hydro-forecast",
            "range_partitioning": [],
            "require_partition_filter": false,
            "resource_tags": {},
            "schema": "[{\"mode\":\"REQUIRED\",\"name\":\"ear_data\",\"type\":\"DATE\"},{\"mode\":\"REQUIRED\",\"name\":\"cod_resplanejamento\",\"type\":\"INTEGER\"},{\"mode\":\"REQUIRED\",\"name\":\"nom_reservatorio\",\"type\":\"STRING\"},{\"mode\":\"REQUIRED\",\"name\":\"ear_total_mwmes\",\"type\":\"FLOAT\"},{\"mode\":\"REQUIRED\",\"name\":\"ear_maxima_total_mwmes\",\"type\":\"FLOAT\"},{\"mode\":\"REQUIRED\",\"name\":\"ear_reservatorio_percentual\",\"type\":\"FLOAT\"},{\"mode\":\"REQUIRED\",\"name\":\"val_contribearbacia\",\"type\":\"FLOAT\"},{\"mode\":\"REQUIRED\",\"name\":\"val_contribearsin\",\"type\":\"FLOAT\"},{\"mode\":\"REQUIRED\",\"name\":\"nom_bacia\",\"type\":\"STRING\"},{\"mode\":\"REQUIRED\",\"name\":\"nom_subsistema\",\"type\":\"STRING\"},{\"mode\":\"NULLABLE\",\"name\":\"nom_ree\",\"type\":\"STRING\"},{\"mode\":\"REQUIRED\",\"name\":\"tip_reservatorio\",\"type\":\"STRING\"},{\"mode\":\"REQUIRED\",\"name\":\"ear_reservatorio_subsistema_proprio_mwmes\",\"type\":\"FLOAT\"},{\"mode\":\"REQUIRED\",\"name\":\"ear_reservatorio_subsistema_jusante_mwmes\",\"type\":\"FLOAT\"},{\"mode\":\"REQUIRED\",\"name\":\"earmax_reservatorio_subsistema_proprio_mwmes\",\"type\":\"FLOAT\"},{\"mode\":\"REQUIRED\",\"name\":\"earmax_reservatorio_subsistema_jusante_mwmes\",\"type\":\"FLOAT\"},{\"mode\":\"REQUIRED\",\"name\":\"val_contribearmaxbacia\",\"type\":\"FLOAT\"},{\"mode\":\"REQUIRED\",\"name\":\"val_contribearsubsistema\",\"type\":\"FLOAT\"},{\"mode\":\"REQUIRED\",\"name\":\"val_contribearmaxsubsistema\",\"type\":\"FLOAT\"},{\"mode\":\"REQUIRED\",\"name\":\"val_contribearsubsistemajusante\",\"type\":\"FLOAT\"},{\"mode\":\"REQUIRED\",\"name\":\"val_contribearmaxsubsistemajusante\",\"type\":\"FLOAT\"},{\"mode\":\"REQUIRED\",\"name\":\"val_contribearmaxsin\",\"type\":\"FLOAT\"},{\"mode\":\"NULLABLE\",\"name\":\"file_source\",\"type\":\"STRING\"},{\"mode\":\"NULLABLE\",\"name\":\"ingestion_timestamp\",\"type\":\"TIMESTAMP\"}]",
            "self_link": "https://bigquery.googleapis.com/bigquery/v2/projects/project-sauter-hydro-forecast/datasets/ena_analytics/tables/ena_consolidado",
            "table_constraints": [],
            "table_id": "ena_consolidado",
            "table_replication_info": [],
            "terraform_labels": {},
            "time_partitioning": [
              {
                "expiration_ms": 0,
                "field": "ear_data",
                "require_partition_filter": false,
                "type": "DAY"
              }
            ],
            "type": "TABLE",
            "view": []
          },
          "sensitive_attributes": [],
          "identity_schema_version": 0,
          "private": "bnVsbA==",
          "dependencies": [
            "google_bigquery_dataset.ena_dataset",
            "google_project_service.apis"
          ]
        }
      ]
    },
    {
      "mode": "managed",
      "type": "google_cloud_scheduler_job",
      "name": "ena_daily_job",
      "provider": "provider[\"registry.terraform.io/hashicorp/google\"]",
      "instances": [
        {
          "schema_version": 0,
          "attributes": {
            "app_engine_http_target": [],
            "attempt_deadline": "600s",
            "description": "Executa processamento ENA diariamente",
            "http_target": [
              {
                "body": "",
                "headers": {},
                "http_method": "POST",
                "oauth_token": [],
                "oidc_token": [
                  {
                    "audience": "https://us-central1-project-sauter-hydro-forecast.cloudfunctions.net/ena-data-processor",
                    "service_account_email": "sa-ena-pipeline@project-sauter-hydro-forecast.iam.gserviceaccount.com"
                  }
                ],
                "uri": "https://us-central1-project-sauter-hydro-forecast.cloudfunctions.net/ena-data-processor"
              }
            ],
            "id": "projects/project-sauter-hydro-forecast/locations/us-central1/jobs/ena-daily-processing",
            "name": "ena-daily-processing",
            "paused": false,
            "project": "project-sauter-hydro-forecast",
            "pubsub_target": [],
            "region": "us-central1",
            "retry_config": [],
            "schedule": "0 6 * * *",
            "state": "ENABLED",
            "time_zone": "America/Sao_Paulo",
            "timeouts": null
          },
          "sensitive_attributes": [],
          "identity_schema_version": 0,
          "private": "eyJlMmJmYjczMC1lY2FhLTExZTYtOGY4OC0zNDM2M2JjN2M0YzAiOnsiY3JlYXRlIjoxMjAwMDAwMDAwMDAwLCJkZWxldGUiOjEyMDAwMDAwMDAwMDAsInVwZGF0ZSI6MTIwMDAwMDAwMDAwMH19",
          "dependencies": [
            "google_project_service.apis",
            "google_service_account.sa_ena_pipeline"
          ]
        }
      ]
    },
    {
      "mode": "managed",
      "type": "google_iam_workload_identity_pool",
      "name": "github_pool",
      "provider": "provider[\"registry.terraform.io/hashicorp/google\"]",
      "instances": [
        {
          "schema_version": 0,
          "attributes": {
            "description": "",
            "disabled": false,
            "display_name": "GitHub Pool",
            "id": "projects/project-sauter-hydro-forecast/locations/global/workloadIdentityPools/github-pool",
            "name": "projects/608522675724/locations/global/workloadIdentityPools/github-pool",
            "project": "project-sauter-hydro-forecast",
            "state": "ACTIVE",
            "timeouts": null,
            "workload_identity_pool_id": "github-pool"
          },
          "sensitive_attributes": [],
          "identity_schema_version": 0,
          "private": "eyJlMmJmYjczMC1lY2FhLTExZTYtOGY4OC0zNDM2M2JjN2M0YzAiOnsiY3JlYXRlIjoxMjAwMDAwMDAwMDAwLCJkZWxldGUiOjEyMDAwMDAwMDAwMDAsInVwZGF0ZSI6MTIwMDAwMDAwMDAwMH19",
          "dependencies": [
            "google_project_service.apis"
          ]
        }
      ]
    },
    {
      "mode": "managed",
      "type": "google_iam_workload_identity_pool_provider",
      "name": "github_provider",
      "provider": "provider[\"registry.terraform.io/hashicorp/google\"]",
      "instances": [
        {
          "schema_version": 0,
          "attributes": {
            "attribute_condition": "attribute.repository == 'danieladosanjos/project-sauter-hydro-forecast'",
            "attribute_mapping": {
              "attribute.actor": "assertion.actor",
              "attribute.aud": "assertion.aud",
              "attribute.event_name": "assertion.event_name",
              "attribute.ref": "assertion.ref",
              "attribute.repository": "assertion.repository",
              "attribute.sha": "assertion.sha",
              "attribute.workflow": "assertion.workflow",
              "google.subject": "assertion.sub"
            },
            "aws": [],
            "description": "",
            "disabled": false,
            "display_name": "GitHub Provider",
            "id": "projects/project-sauter-hydro-forecast/locations/global/workloadIdentityPools/github-pool/providers/github-provider",
            "name": "projects/608522675724/locations/global/workloadIdentityPools/github-pool/providers/github-provider",
            "oidc": [
              {
                "allowed_audiences": [],
                "issuer_uri": "https://token.actions.githubusercontent.com",
                "jwks_json": ""
              }
            ],
            "project": "project-sauter-hydro-forecast",
            "saml": [],
            "state": "ACTIVE",
            "timeouts": null,
            "workload_identity_pool_id": "github-pool",
            "workload_identity_pool_provider_id": "github-provider"
          },
          "sensitive_attributes": [],
          "identity_schema_version": 0,
          "private": "eyJlMmJmYjczMC1lY2FhLTExZTYtOGY4OC0zNDM2M2JjN2M0YzAiOnsiY3JlYXRlIjoxMjAwMDAwMDAwMDAwLCJkZWxldGUiOjEyMDAwMDAwMDAwMDAsInVwZGF0ZSI6MTIwMDAwMDAwMDAwMH19",
          "dependencies": [
            "google_iam_workload_identity_pool.github_pool",
            "google_project_service.apis"
          ]
        }
      ]
    },
    {
      "mode": "managed",
      "type": "google_project_iam_member",
      "name": "ena_secret_access",
      "provider": "provider[\"registry.terraform.io/hashicorp/google\"]",
      "instances": [
        {
          "schema_version": 0,
          "attributes": {
            "condition": [],
            "etag": "BwY/Rsmb82k=",
            "id": "project-sauter-hydro-forecast/roles/secretmanager.secretAccessor/serviceAccount:sa-ena-pipeline@project-sauter-hydro-forecast.iam.gserviceaccount.com",
            "member": "serviceAccount:sa-ena-pipeline@project-sauter-hydro-forecast.iam.gserviceaccount.com",
            "project": "project-sauter-hydro-forecast",
            "role": "roles/secretmanager.secretAccessor"
          },
          "sensitive_attributes": [],
          "identity_schema_version": 0,
          "private": "bnVsbA==",
          "dependencies": [
            "google_project_service.apis",
            "google_service_account.sa_ena_pipeline"
          ]
        }
      ]
    },
    {
      "mode": "managed",
      "type": "google_project_iam_member",
      "name": "ena_storage_access",
      "provider": "provider[\"registry.terraform.io/hashicorp/google\"]",
      "instances": [
        {
          "schema_version": 0,
          "attributes": {
            "condition": [],
            "etag": "BwY/Rsmb82k=",
            "id": "project-sauter-hydro-forecast/roles/storage.objectCreator/serviceAccount:sa-ena-pipeline@project-sauter-hydro-forecast.iam.gserviceaccount.com",
            "member": "serviceAccount:sa-ena-pipeline@project-sauter-hydro-forecast.iam.gserviceaccount.com",
            "project": "project-sauter-hydro-forecast",
            "role": "roles/storage.objectCreator"
          },
          "sensitive_attributes": [],
          "identity_schema_version": 0,
          "private": "bnVsbA==",
          "dependencies": [
            "google_project_service.apis",
            "google_service_account.sa_ena_pipeline"
          ]
        }
      ]
    },
    {
      "mode": "managed",
      "type": "google_project_iam_member",
      "name": "github_sa_permissions",
      "provider": "provider[\"registry.terraform.io/hashicorp/google\"]",
      "instances": [
        {
          "index_key": "roles/bigquery.admin",
          "schema_version": 0,
          "attributes": {
            "condition": [],
            "etag": "BwY/Rsmb82k=",
            "id": "project-sauter-hydro-forecast/roles/bigquery.admin/serviceAccount:github-actions-sa@project-sauter-hydro-forecast.iam.gserviceaccount.com",
            "member": "serviceAccount:github-actions-sa@project-sauter-hydro-forecast.iam.gserviceaccount.com",
            "project": "project-sauter-hydro-forecast",
            "role": "roles/bigquery.admin"
          },
          "sensitive_attributes": [],
          "identity_schema_version": 0,
          "private": "bnVsbA==",
          "dependencies": [
            "google_project_service.apis",
            "google_service_account.github_actions_sa"
          ]
        },
        {
          "index_key": "roles/iam.serviceAccountUser",
          "schema_version": 0,
          "attributes": {
            "condition": [],
            "etag": "BwY/Rsmb82k=",
            "id": "project-sauter-hydro-forecast/roles/iam.serviceAccountUser/serviceAccount:github-actions-sa@project-sauter-hydro-forecast.iam.gserviceaccount.com",
            "member": "serviceAccount:github-actions-sa@project-sauter-hydro-forecast.iam.gserviceaccount.com",
            "project": "project-sauter-hydro-forecast",
            "role": "roles/iam.serviceAccountUser"
          },
          "sensitive_attributes": [],
          "identity_schema_version": 0,
          "private": "bnVsbA==",
          "dependencies": [
            "google_project_service.apis",
            "google_service_account.github_actions_sa"
          ]
        },
        {
          "index_key": "roles/run.admin",
          "schema_version": 0,
          "attributes": {
            "condition": [],
            "etag": "BwY/Rsmb82k=",
            "id": "project-sauter-hydro-forecast/roles/run.admin/serviceAccount:github-actions-sa@project-sauter-hydro-forecast.iam.gserviceaccount.com",
            "member": "serviceAccount:github-actions-sa@project-sauter-hydro-forecast.iam.gserviceaccount.com",
            "project": "project-sauter-hydro-forecast",
            "role": "roles/run.admin"
          },
          "sensitive_attributes": [],
          "identity_schema_version": 0,
          "private": "bnVsbA==",
          "dependencies": [
            "google_project_service.apis",
            "google_service_account.github_actions_sa"
          ]
        },
        {
          "index_key": "roles/storage.admin",
          "schema_version": 0,
          "attributes": {
            "condition": [],
            "etag": "BwY/Rsmb82k=",
            "id": "project-sauter-hydro-forecast/roles/storage.admin/serviceAccount:github-actions-sa@project-sauter-hydro-forecast.iam.gserviceaccount.com",
            "member": "serviceAccount:github-actions-sa@project-sauter-hydro-forecast.iam.gserviceaccount.com",
            "project": "project-sauter-hydro-forecast",
            "role": "roles/storage.admin"
          },
          "sensitive_attributes": [],
          "identity_schema_version": 0,
          "private": "bnVsbA==",
          "dependencies": [
            "google_project_service.apis",
            "google_service_account.github_actions_sa"
          ]
        }
      ]
    },
    {
      "mode": "managed",
      "type": "google_project_service",
      "name": "apis",
      "provider": "provider[\"registry.terraform.io/hashicorp/google\"]",
      "instances": [
        {
          "index_key": "bigquery.googleapis.com",
          "schema_version": 0,
          "attributes": {
            "disable_dependent_services": null,
            "disable_on_destroy": true,
            "id": "project-sauter-hydro-forecast/bigquery.googleapis.com",
            "project": "project-sauter-hydro-forecast",
            "service": "bigquery.googleapis.com",
            "timeouts": null
          },
          "sensitive_attributes": [],
          "identity_schema_version": 0,
          "private": "eyJlMmJmYjczMC1lY2FhLTExZTYtOGY4OC0zNDM2M2JjN2M0YzAiOnsiY3JlYXRlIjoxMjAwMDAwMDAwMDAwLCJkZWxldGUiOjEyMDAwMDAwMDAwMDAsInJlYWQiOjYwMDAwMDAwMDAwMCwidXBkYXRlIjoxMjAwMDAwMDAwMDAwfX0="
        },
        {
          "index_key": "compute.googleapis.com",
          "schema_version": 0,
          "attributes": {
            "disable_dependent_services": null,
            "disable_on_destroy": true,
            "id": "project-sauter-hydro-forecast/compute.googleapis.com",
            "project": "project-sauter-hydro-forecast",
            "service": "compute.googleapis.com",
            "timeouts": null
          },
          "sensitive_attributes": [],
          "identity_schema_version": 0,
          "private": "eyJlMmJmYjczMC1lY2FhLTExZTYtOGY4OC0zNDM2M2JjN2M0YzAiOnsiY3JlYXRlIjoxMjAwMDAwMDAwMDAwLCJkZWxldGUiOjEyMDAwMDAwMDAwMDAsInJlYWQiOjYwMDAwMDAwMDAwMCwidXBkYXRlIjoxMjAwMDAwMDAwMDAwfX0="
        },
        {
          "index_key": "iam.googleapis.com",
          "schema_version": 0,
          "attributes": {
            "disable_dependent_services": null,
            "disable_on_destroy": true,
            "id": "project-sauter-hydro-forecast/iam.googleapis.com",
            "project": "project-sauter-hydro-forecast",
            "service": "iam.googleapis.com",
            "timeouts": null
          },
          "sensitive_attributes": [],
          "identity_schema_version": 0,
          "private": "eyJlMmJmYjczMC1lY2FhLTExZTYtOGY4OC0zNDM2M2JjN2M0YzAiOnsiY3JlYXRlIjoxMjAwMDAwMDAwMDAwLCJkZWxldGUiOjEyMDAwMDAwMDAwMDAsInJlYWQiOjYwMDAwMDAwMDAwMCwidXBkYXRlIjoxMjAwMDAwMDAwMDAwfX0="
        },
        {
          "index_key": "iamcredentials.googleapis.com",
          "schema_version": 0,
          "attributes": {
            "disable_dependent_services": null,
            "disable_on_destroy": true,
            "id": "project-sauter-hydro-forecast/iamcredentials.googleapis.com",
            "project": "project-sauter-hydro-forecast",
            "service": "iamcredentials.googleapis.com",
            "timeouts": null
          },
          "sensitive_attributes": [],
          "identity_schema_version": 0,
          "private": "eyJlMmJmYjczMC1lY2FhLTExZTYtOGY4OC0zNDM2M2JjN2M0YzAiOnsiY3JlYXRlIjoxMjAwMDAwMDAwMDAwLCJkZWxldGUiOjEyMDAwMDAwMDAwMDAsInJlYWQiOjYwMDAwMDAwMDAwMCwidXBkYXRlIjoxMjAwMDAwMDAwMDAwfX0="
        },
        {
          "index_key": "run.googleapis.com",
          "schema_version": 0,
          "attributes": {
            "disable_dependent_services": null,
            "disable_on_destroy": true,
            "id": "project-sauter-hydro-forecast/run.googleapis.com",
            "project": "project-sauter-hydro-forecast",
            "service": "run.googleapis.com",
            "timeouts": null
          },
          "sensitive_attributes": [],
          "identity_schema_version": 0,
          "private": "eyJlMmJmYjczMC1lY2FhLTExZTYtOGY4OC0zNDM2M2JjN2M0YzAiOnsiY3JlYXRlIjoxMjAwMDAwMDAwMDAwLCJkZWxldGUiOjEyMDAwMDAwMDAwMDAsInJlYWQiOjYwMDAwMDAwMDAwMCwidXBkYXRlIjoxMjAwMDAwMDAwMDAwfX0="
        },
        {
          "index_key": "storage.googleapis.com",
          "schema_version": 0,
          "attributes": {
            "disable_dependent_services": null,
            "disable_on_destroy": true,
            "id": "project-sauter-hydro-forecast/storage.googleapis.com",
            "project": "project-sauter-hydro-forecast",
            "service": "storage.googleapis.com",
            "timeouts": null
          },
          "sensitive_attributes": [],
          "identity_schema_version": 0,
          "private": "eyJlMmJmYjczMC1lY2FhLTExZTYtOGY4OC0zNDM2M2JjN2M0YzAiOnsiY3JlYXRlIjoxMjAwMDAwMDAwMDAwLCJkZWxldGUiOjEyMDAwMDAwMDAwMDAsInJlYWQiOjYwMDAwMDAwMDAwMCwidXBkYXRlIjoxMjAwMDAwMDAwMDAwfX0="
        },
        {
          "index_key": "sts.googleapis.com",
          "schema_version": 0,
          "attributes": {
            "disable_dependent_services": null,
            "disable_on_destroy": true,
            "id": "project-sauter-hydro-forecast/sts.googleapis.com",
            "project": "project-sauter-hydro-forecast",
            "service": "sts.googleapis.com",
            "timeouts": null
          },
          "sensitive_attributes": [],
          "identity_schema_version": 0,
          "private": "eyJlMmJmYjczMC1lY2FhLTExZTYtOGY4OC0zNDM2M2JjN2M0YzAiOnsiY3JlYXRlIjoxMjAwMDAwMDAwMDAwLCJkZWxldGUiOjEyMDAwMDAwMDAwMDAsInJlYWQiOjYwMDAwMDAwMDAwMCwidXBkYXRlIjoxMjAwMDAwMDAwMDAwfX0="
        }
      ]
    },
    {
      "mode": "managed",
      "type": "google_secret_manager_secret",
      "name": "sa_ena_key",
      "provider": "provider[\"registry.terraform.io/hashicorp/google\"]",
      "instances": [
        {
          "schema_version": 0,
          "attributes": {
            "annotations": null,
            "create_time": "2025-09-21T13:22:38.614292Z",
            "effective_annotations": {},
            "effective_labels": {},
            "expire_time": "",
            "id": "projects/project-sauter-hydro-forecast/secrets/sa-ena-pipeline-key",
            "labels": null,
            "name": "projects/608522675724/secrets/sa-ena-pipeline-key",
            "project": "project-sauter-hydro-forecast",
            "replication": [
              {
                "auto": [
                  {
                    "customer_managed_encryption": []
                  }
                ],
                "user_managed": []
              }
            ],
            "rotation": [],
            "secret_id": "sa-ena-pipeline-key",
            "terraform_labels": {},
            "timeouts": null,
            "topics": [],
            "ttl": null,
            "version_aliases": null,
            "version_destroy_ttl": ""
          },
          "sensitive_attributes": [],
          "identity_schema_version": 0,
          "private": "eyJlMmJmYjczMC1lY2FhLTExZTYtOGY4OC0zNDM2M2JjN2M0YzAiOnsiY3JlYXRlIjoxMjAwMDAwMDAwMDAwLCJkZWxldGUiOjEyMDAwMDAwMDAwMDAsInVwZGF0ZSI6MTIwMDAwMDAwMDAwMH19",
          "dependencies": [
            "google_project_service.apis"
          ]
        }
      ]
    },
    {
      "mode": "managed",
      "type": "google_secret_manager_secret_iam_member",
      "name": "github_secret_accessor",
      "provider": "provider[\"registry.terraform.io/hashicorp/google\"]",
      "instances": [
        {
          "schema_version": 0,
          "attributes": {
            "condition": [],
            "etag": "BwY/T5lIjPk=",
            "id": "projects/project-sauter-hydro-forecast/secrets/sa-ena-pipeline-key/roles/secretmanager.secretAccessor/serviceAccount:github-actions-sa@project-sauter-hydro-forecast.iam.gserviceaccount.com",
            "member": "serviceAccount:github-actions-sa@project-sauter-hydro-forecast.iam.gserviceaccount.com",
            "project": "project-sauter-hydro-forecast",
            "role": "roles/secretmanager.secretAccessor",
            "secret_id": "projects/project-sauter-hydro-forecast/secrets/sa-ena-pipeline-key"
          },
          "sensitive_attributes": [],
          "identity_schema_version": 0,
          "private": "bnVsbA==",
          "dependencies": [
            "google_project_service.apis",
            "google_secret_manager_secret.sa_ena_key",
            "google_service_account.github_actions_sa"
          ]
        }
      ]
    },
    {
      "mode": "managed",
      "type": "google_secret_manager_secret_iam_member",
      "name": "sa_ena_secret_accessor",
      "provider": "provider[\"registry.terraform.io/hashicorp/google\"]",
      "instances": [
        {
          "schema_version": 0,
          "attributes": {
            "condition": [],
            "etag": "BwY/T5lIjPk=",
            "id": "projects/project-sauter-hydro-forecast/secrets/sa-ena-pipeline-key/roles/secretmanager.secretAccessor/serviceAccount:sa-ena-pipeline@project-sauter-hydro-forecast.iam.gserviceaccount.com",
            "member": "serviceAccount:sa-ena-pipeline@project-sauter-hydro-forecast.iam.gserviceaccount.com",
            "project": "project-sauter-hydro-forecast",
            "role": "roles/secretmanager.secretAccessor",
            "secret_id": "projects/project-sauter-hydro-forecast/secrets/sa-ena-pipeline-key"
          },
          "sensitive_attributes": [],
          "identity_schema_version": 0,
          "private": "bnVsbA==",
          "dependencies": [
            "google_project_service.apis",
            "google_secret_manager_secret.sa_ena_key",
            "google_service_account.sa_ena_pipeline"
          ]
        }
      ]
    },
    {
      "mode": "managed",
      "type": "google_service_account",
      "name": "github_actions_sa",
      "provider": "provider[\"registry.terraform.io/hashicorp/google\"]",
      "instances": [
        {
          "schema_version": 0,
          "attributes": {
            "account_id": "github-actions-sa",
            "create_ignore_already_exists": null,
            "description": "",
            "disabled": false,
            "display_name": "GitHub Actions Service Account",
            "email": "github-actions-sa@project-sauter-hydro-forecast.iam.gserviceaccount.com",
            "id": "projects/project-sauter-hydro-forecast/serviceAccounts/github-actions-sa@project-sauter-hydro-forecast.iam.gserviceaccount.com",
            "member": "serviceAccount:github-actions-sa@project-sauter-hydro-forecast.iam.gserviceaccount.com",
            "name": "projects/project-sauter-hydro-forecast/serviceAccounts/github-actions-sa@project-sauter-hydro-forecast.iam.gserviceaccount.com",
            "project": "project-sauter-hydro-forecast",
            "timeouts": null,
            "unique_id": "110715178811453526570"
          },
          "sensitive_attributes": [],
          "identity_schema_version": 0,
          "private": "eyJlMmJmYjczMC1lY2FhLTExZTYtOGY4OC0zNDM2M2JjN2M0YzAiOnsiY3JlYXRlIjozMDAwMDAwMDAwMDB9fQ==",
          "dependencies": [
            "google_project_service.apis"
          ]
        }
      ]
    },
    {
      "mode": "managed",
      "type": "google_service_account",
      "name": "sa_ena_pipeline",
      "provider": "provider[\"registry.terraform.io/hashicorp/google\"]",
      "instances": [
        {
          "schema_version": 0,
          "attributes": {
            "account_id": "sa-ena-pipeline",
            "create_ignore_already_exists": null,
            "description": "",
            "disabled": false,
            "display_name": "Service Account para Pipeline ENA",
            "email": "sa-ena-pipeline@project-sauter-hydro-forecast.iam.gserviceaccount.com",
            "id": "projects/project-sauter-hydro-forecast/serviceAccounts/sa-ena-pipeline@project-sauter-hydro-forecast.iam.gserviceaccount.com",
            "member": "serviceAccount:sa-ena-pipeline@project-sauter-hydro-forecast.iam.gserviceaccount.com",
            "name": "projects/project-sauter-hydro-forecast/serviceAccounts/sa-ena-pipeline@project-sauter-hydro-forecast.iam.gserviceaccount.com",
            "project": "project-sauter-hydro-forecast",
            "timeouts": null,
            "unique_id": "106366982964097797490"
          },
          "sensitive_attributes": [],
          "identity_schema_version": 0,
          "private": "eyJlMmJmYjczMC1lY2FhLTExZTYtOGY4OC0zNDM2M2JjN2M0YzAiOnsiY3JlYXRlIjozMDAwMDAwMDAwMDB9fQ==",
          "dependencies": [
            "google_project_service.apis"
          ]
        }
      ]
    },
    {
      "mode": "managed",
      "type": "google_service_account_iam_member",
      "name": "github_wif",
      "provider": "provider[\"registry.terraform.io/hashicorp/google\"]",
      "instances": [
        {
          "schema_version": 0,
          "attributes": {
            "condition": [],
            "etag": "BwY/QxKmlOE=",
            "id": "projects/project-sauter-hydro-forecast/serviceAccounts/github-actions-sa@project-sauter-hydro-forecast.iam.gserviceaccount.com/roles/iam.workloadIdentityUser/principalSet://iam.googleapis.com/projects/608522675724/locations/global/workloadIdentityPools/github-pool/attribute.repository/danieladosanjos/project-sauter-hydro-forecast",
            "member": "principalSet://iam.googleapis.com/projects/608522675724/locations/global/workloadIdentityPools/github-pool/attribute.repository/danieladosanjos/project-sauter-hydro-forecast",
            "role": "roles/iam.workloadIdentityUser",
            "service_account_id": "projects/project-sauter-hydro-forecast/serviceAccounts/github-actions-sa@project-sauter-hydro-forecast.iam.gserviceaccount.com"
          },
          "sensitive_attributes": [],
          "identity_schema_version": 0,
          "private": "bnVsbA==",
          "dependencies": [
            "google_iam_workload_identity_pool.github_pool",
            "google_project_service.apis",
            "google_service_account.github_actions_sa"
          ]
        }
      ]
    },
    {
      "mode": "managed",
      "type": "google_storage_bucket",
      "name": "ena_bronze",
      "provider": "provider[\"registry.terraform.io/hashicorp/google\"]",
      "instances": [
        {
          "schema_version": 2,
          "attributes": {
            "autoclass": [],
            "cors": [],
            "custom_placement_config": [],
            "default_event_based_hold": false,
            "effective_labels": {},
            "enable_object_retention": false,
            "encryption": [],
            "force_destroy": false,
            "id": "ena-data-bronze-sauter-hydro-forecast",
            "labels": null,
            "lifecycle_rule": [
              {
                "action": [
                  {
                    "storage_class": "",
                    "type": "Delete"
                  }
                ],
                "condition": [
                  {
                    "age": 90,
                    "created_before": "",
                    "custom_time_before": "",
                    "days_since_custom_time": 0,
                    "days_since_noncurrent_time": 0,
                    "matches_prefix": [],
                    "matches_storage_class": [],
                    "matches_suffix": [],
                    "no_age": false,
                    "noncurrent_time_before": "",
                    "num_newer_versions": 0,
                    "send_age_if_zero": true,
                    "send_days_since_custom_time_if_zero": false,
                    "send_days_since_noncurrent_time_if_zero": false,
                    "send_num_newer_versions_if_zero": false,
                    "with_state": "ANY"
                  }
                ]
              }
            ],
            "location": "US-CENTRAL1",
            "logging": [
              {
                "log_bucket": "ena-data-logs-sauter-hydro-forecast",
                "log_object_prefix": "bronze-logs/"
              }
            ],
            "name": "ena-data-bronze-sauter-hydro-forecast",
            "project": "project-sauter-hydro-forecast",
            "project_number": 608522675724,
            "public_access_prevention": "inherited",
            "requester_pays": false,
            "retention_policy": [],
            "rpo": null,
            "self_link": "https://www.googleapis.com/storage/v1/b/ena-data-bronze-sauter-hydro-forecast",
            "soft_delete_policy": [
              {
                "effective_time": "2025-09-21T13:22:41.337Z",
                "retention_duration_seconds": 604800
              }
            ],
            "storage_class": "STANDARD",
            "terraform_labels": {},
            "timeouts": null,
            "uniform_bucket_level_access": false,
            "url": "gs://ena-data-bronze-sauter-hydro-forecast",
            "versioning": [
              {
                "enabled": true
              }
            ],
            "website": []
          },
          "sensitive_attributes": [],
          "identity_schema_version": 0,
          "private": "eyJlMmJmYjczMC1lY2FhLTExZTYtOGY4OC0zNDM2M2JjN2M0YzAiOnsiY3JlYXRlIjo2MDAwMDAwMDAwMDAsInJlYWQiOjI0MDAwMDAwMDAwMCwidXBkYXRlIjoyNDAwMDAwMDAwMDB9LCJzY2hlbWFfdmVyc2lvbiI6IjIifQ==",
          "dependencies": [
            "google_project_service.apis",
            "google_storage_bucket.ena_logs"
          ]
        }
      ]
    },
    {
      "mode": "managed",
      "type": "google_storage_bucket",
      "name": "ena_data",
      "provider": "provider[\"registry.terraform.io/hashicorp/google\"]",
      "instances": [
        {
          "schema_version": 2,
          "attributes": {
            "autoclass": [],
            "cors": [],
            "custom_placement_config": [],
            "default_event_based_hold": false,
            "effective_labels": {},
            "enable_object_retention": false,
            "encryption": [],
            "force_destroy": false,
            "id": "ena-data-project-sauter-hydro-forecast",
            "labels": {},
            "lifecycle_rule": [],
            "location": "US-CENTRAL1",
            "logging": [],
            "name": "ena-data-project-sauter-hydro-forecast",
            "project": "project-sauter-hydro-forecast",
            "project_number": 608522675724,
            "public_access_prevention": "inherited",
            "requester_pays": false,
            "retention_policy": [],
            "rpo": null,
            "self_link": "https://www.googleapis.com/storage/v1/b/ena-data-project-sauter-hydro-forecast",
            "soft_delete_policy": [
              {
                "effective_time": "2025-09-20T22:25:53.603Z",
                "retention_duration_seconds": 604800
              }
            ],
            "storage_class": "STANDARD",
            "terraform_labels": {},
            "timeouts": null,
            "uniform_bucket_level_access": false,
            "url": "gs://ena-data-project-sauter-hydro-forecast",
            "versioning": [],
            "website": []
          },
          "sensitive_attributes": [],
          "identity_schema_version": 0,
          "private": "eyJlMmJmYjczMC1lY2FhLTExZTYtOGY4OC0zNDM2M2JjN2M0YzAiOnsiY3JlYXRlIjo2MDAwMDAwMDAwMDAsInJlYWQiOjI0MDAwMDAwMDAwMCwidXBkYXRlIjoyNDAwMDAwMDAwMDB9LCJzY2hlbWFfdmVyc2lvbiI6IjIifQ==",
          "dependencies": [
            "google_project_service.apis"
          ]
        }
      ]
    },
    {
      "mode": "managed",
      "type": "google_storage_bucket",
      "name": "ena_gold",
      "provider": "provider[\"registry.terraform.io/hashicorp/google\"]",
      "instances": [
        {
          "schema_version": 2,
          "attributes": {
            "autoclass": [],
            "cors": [],
            "custom_placement_config": [],
            "default_event_based_hold": false,
            "effective_labels": {},
            "enable_object_retention": false,
            "encryption": [],
            "force_destroy": false,
            "id": "ena-data-gold-sauter-hydro-forecast",
            "labels": null,
            "lifecycle_rule": [],
            "location": "US-CENTRAL1",
            "logging": [
              {
                "log_bucket": "ena-data-logs-sauter-hydro-forecast",
                "log_object_prefix": "gold-logs/"
              }
            ],
            "name": "ena-data-gold-sauter-hydro-forecast",
            "project": "project-sauter-hydro-forecast",
            "project_number": 608522675724,
            "public_access_prevention": "inherited",
            "requester_pays": false,
            "retention_policy": [],
            "rpo": null,
            "self_link": "https://www.googleapis.com/storage/v1/b/ena-data-gold-sauter-hydro-forecast",
            "soft_delete_policy": [
              {
                "effective_time": "2025-09-21T13:22:41.872Z",
                "retention_duration_seconds": 604800
              }
            ],
            "storage_class": "STANDARD",
            "terraform_labels": {},
            "timeouts": null,
            "uniform_bucket_level_access": false,
            "url": "gs://ena-data-gold-sauter-hydro-forecast",
            "versioning": [
              {
                "enabled": true
              }
            ],
            "website": []
          },
          "sensitive_attributes": [],
          "identity_schema_version": 0,
          "private": "eyJlMmJmYjczMC1lY2FhLTExZTYtOGY4OC0zNDM2M2JjN2M0YzAiOnsiY3JlYXRlIjo2MDAwMDAwMDAwMDAsInJlYWQiOjI0MDAwMDAwMDAwMCwidXBkYXRlIjoyNDAwMDAwMDAwMDB9LCJzY2hlbWFfdmVyc2lvbiI6IjIifQ==",
          "dependencies": [
            "google_project_service.apis",
            "google_storage_bucket.ena_logs"
          ]
        }
      ]
    },
    {
      "mode": "managed",
      "type": "google_storage_bucket",
      "name": "ena_logs",
      "provider": "provider[\"registry.terraform.io/hashicorp/google\"]",
      "instances": [
        {
          "schema_version": 2,
          "attributes": {
            "autoclass": [],
            "cors": [],
            "custom_placement_config": [],
            "default_event_based_hold": false,
            "effective_labels": {},
            "enable_object_retention": false,
            "encryption": [],
            "force_destroy": false,
            "id": "ena-data-logs-sauter-hydro-forecast",
            "labels": null,
            "lifecycle_rule": [
              {
                "action": [
                  {
                    "storage_class": "",
                    "type": "Delete"
                  }
                ],
                "condition": [
                  {
                    "age": 3650,
                    "created_before": "",
                    "custom_time_before": "",
                    "days_since_custom_time": 0,
                    "days_since_noncurrent_time": 0,
                    "matches_prefix": [],
                    "matches_storage_class": [],
                    "matches_suffix": [],
                    "no_age": false,
                    "noncurrent_time_before": "",
                    "num_newer_versions": 0,
                    "send_age_if_zero": true,
                    "send_days_since_custom_time_if_zero": false,
                    "send_days_since_noncurrent_time_if_zero": false,
                    "send_num_newer_versions_if_zero": false,
                    "with_state": "ANY"
                  }
                ]
              }
            ],
            "location": "US-CENTRAL1",
            "logging": [],
            "name": "ena-data-logs-sauter-hydro-forecast",
            "project": "project-sauter-hydro-forecast",
            "project_number": 608522675724,
            "public_access_prevention": "inherited",
            "requester_pays": false,
            "retention_policy": [
              {
                "is_locked": false,
                "retention_period": 315360000
              }
            ],
            "rpo": null,
            "self_link": "https://www.googleapis.com/storage/v1/b/ena-data-logs-sauter-hydro-forecast",
            "soft_delete_policy": [
              {
                "effective_time": "2025-09-21T13:22:38.959Z",
                "retention_duration_seconds": 604800
              }
            ],
            "storage_class": "STANDARD",
            "terraform_labels": {},
            "timeouts": null,
            "uniform_bucket_level_access": false,
            "url": "gs://ena-data-logs-sauter-hydro-forecast",
            "versioning": [
              {
                "enabled": true
              }
            ],
            "website": []
          },
          "sensitive_attributes": [],
          "identity_schema_version": 0,
          "private": "eyJlMmJmYjczMC1lY2FhLTExZTYtOGY4OC0zNDM2M2JjN2M0YzAiOnsiY3JlYXRlIjo2MDAwMDAwMDAwMDAsInJlYWQiOjI0MDAwMDAwMDAwMCwidXBkYXRlIjoyNDAwMDAwMDAwMDB9LCJzY2hlbWFfdmVyc2lvbiI6IjIifQ==",
          "dependencies": [
            "google_project_service.apis"
          ]
        }
      ]
    },
    {
      "mode": "managed",
      "type": "google_storage_bucket",
      "name": "ena_silver",
      "provider": "provider[\"registry.terraform.io/hashicorp/google\"]",
      "instances": [
        {
          "schema_version": 2,
          "attributes": {
            "autoclass": [],
            "cors": [],
            "custom_placement_config": [],
            "default_event_based_hold": false,
            "effective_labels": {},
            "enable_object_retention": false,
            "encryption": [],
            "force_destroy": false,
            "id": "ena-data-silver-sauter-hydro-forecast",
            "labels": null,
            "lifecycle_rule": [
              {
                "action": [
                  {
                    "storage_class": "",
                    "type": "Delete"
                  }
                ],
                "condition": [
                  {
                    "age": 365,
                    "created_before": "",
                    "custom_time_before": "",
                    "days_since_custom_time": 0,
                    "days_since_noncurrent_time": 0,
                    "matches_prefix": [],
                    "matches_storage_class": [],
                    "matches_suffix": [],
                    "no_age": false,
                    "noncurrent_time_before": "",
                    "num_newer_versions": 0,
                    "send_age_if_zero": true,
                    "send_days_since_custom_time_if_zero": false,
                    "send_days_since_noncurrent_time_if_zero": false,
                    "send_num_newer_versions_if_zero": false,
                    "with_state": "ANY"
                  }
                ]
              }
            ],
            "location": "US-CENTRAL1",
            "logging": [
              {
                "log_bucket": "ena-data-logs-sauter-hydro-forecast",
                "log_object_prefix": "silver-logs/"
              }
            ],
            "name": "ena-data-silver-sauter-hydro-forecast",
            "project": "project-sauter-hydro-forecast",
            "project_number": 608522675724,
            "public_access_prevention": "inherited",
            "requester_pays": false,
            "retention_policy": [],
            "rpo": null,
            "self_link": "https://www.googleapis.com/storage/v1/b/ena-data-silver-sauter-hydro-forecast",
            "soft_delete_policy": [
              {
                "effective_time": "2025-09-21T13:22:41.595Z",
                "retention_duration_seconds": 604800
              }
            ],
            "storage_class": "STANDARD",
            "terraform_labels": {},
            "timeouts": null,
            "uniform_bucket_level_access": false,
            "url": "gs://ena-data-silver-sauter-hydro-forecast",
            "versioning": [
              {
                "enabled": true
              }
            ],
            "website": []
          },
          "sensitive_attributes": [],
          "identity_schema_version": 0,
          "private": "eyJlMmJmYjczMC1lY2FhLTExZTYtOGY4OC0zNDM2M2JjN2M0YzAiOnsiY3JlYXRlIjo2MDAwMDAwMDAwMDAsInJlYWQiOjI0MDAwMDAwMDAwMCwidXBkYXRlIjoyNDAwMDAwMDAwMDB9LCJzY2hlbWFfdmVyc2lvbiI6IjIifQ==",
          "dependencies": [
            "google_project_service.apis",
            "google_storage_bucket.ena_logs"
          ]
        }
      ]
    },
    {
      "mode": "managed",
      "type": "google_storage_bucket_iam_member",
      "name": "ena_bronze_github",
      "provider": "provider[\"registry.terraform.io/hashicorp/google\"]",
      "instances": [
        {
          "schema_version": 0,
          "attributes": {
            "bucket": "b/ena-data-bronze-sauter-hydro-forecast",
            "condition": [],
            "etag": "CAM=",
            "id": "b/ena-data-bronze-sauter-hydro-forecast/roles/storage.objectAdmin/serviceAccount:github-actions-sa@project-sauter-hydro-forecast.iam.gserviceaccount.com",
            "member": "serviceAccount:github-actions-sa@project-sauter-hydro-forecast.iam.gserviceaccount.com",
            "role": "roles/storage.objectAdmin"
          },
          "sensitive_attributes": [],
          "identity_schema_version": 0,
          "private": "bnVsbA==",
          "dependencies": [
            "google_project_service.apis",
            "google_service_account.github_actions_sa",
            "google_storage_bucket.ena_bronze",
            "google_storage_bucket.ena_logs"
          ]
        }
      ]
    },
    {
      "mode": "managed",
      "type": "google_storage_bucket_iam_member",
      "name": "ena_bronze_writer",
      "provider": "provider[\"registry.terraform.io/hashicorp/google\"]",
      "instances": [
        {
          "schema_version": 0,
          "attributes": {
            "bucket": "b/ena-data-bronze-sauter-hydro-forecast",
            "condition": [],
            "etag": "CAM=",
            "id": "b/ena-data-bronze-sauter-hydro-forecast/roles/storage.objectCreator/serviceAccount:sa-ena-pipeline@project-sauter-hydro-forecast.iam.gserviceaccount.com",
            "member": "serviceAccount:sa-ena-pipeline@project-sauter-hydro-forecast.iam.gserviceaccount.com",
            "role": "roles/storage.objectCreator"
          },
          "sensitive_attributes": [],
          "identity_schema_version": 0,
          "private": "bnVsbA==",
          "dependencies": [
            "google_project_service.apis",
            "google_service_account.sa_ena_pipeline",
            "google_storage_bucket.ena_bronze",
            "google_storage_bucket.ena_logs"
          ]
        }
      ]
    },
    {
      "mode": "managed",
      "type": "google_storage_bucket_iam_member",
      "name": "ena_gold_github",
      "provider": "provider[\"registry.terraform.io/hashicorp/google\"]",
      "instances": [
        {
          "schema_version": 0,
          "attributes": {
            "bucket": "b/ena-data-gold-sauter-hydro-forecast",
            "condition": [],
            "etag": "CAM=",
            "id": "b/ena-data-gold-sauter-hydro-forecast/roles/storage.objectAdmin/serviceAccount:github-actions-sa@project-sauter-hydro-forecast.iam.gserviceaccount.com",
            "member": "serviceAccount:github-actions-sa@project-sauter-hydro-forecast.iam.gserviceaccount.com",
            "role": "roles/storage.objectAdmin"
          },
          "sensitive_attributes": [],
          "identity_schema_version": 0,
          "private": "bnVsbA==",
          "dependencies": [
            "google_project_service.apis",
            "google_service_account.github_actions_sa",
            "google_storage_bucket.ena_gold",
            "google_storage_bucket.ena_logs"
          ]
        }
      ]
    },
    {
      "mode": "managed",
      "type": "google_storage_bucket_iam_member",
      "name": "ena_gold_writer",
      "provider": "provider[\"registry.terraform.io/hashicorp/google\"]",
      "instances": [
        {
          "schema_version": 0,
          "attributes": {
            "bucket": "b/ena-data-gold-sauter-hydro-forecast",
            "condition": [],
            "etag": "CAM=",
            "id": "b/ena-data-gold-sauter-hydro-forecast/roles/storage.objectCreator/serviceAccount:sa-ena-pipeline@project-sauter-hydro-forecast.iam.gserviceaccount.com",
            "member": "serviceAccount:sa-ena-pipeline@project-sauter-hydro-forecast.iam.gserviceaccount.com",
            "role": "roles/storage.objectCreator"
          },
          "sensitive_attributes": [],
          "identity_schema_version": 0,
          "private": "bnVsbA==",
          "dependencies": [
            "google_project_service.apis",
            "google_service_account.sa_ena_pipeline",
            "google_storage_bucket.ena_gold",
            "google_storage_bucket.ena_logs"
          ]
        }
      ]
    },
    {
      "mode": "managed",
      "type": "google_storage_bucket_iam_member",
      "name": "ena_silver_github",
      "provider": "provider[\"registry.terraform.io/hashicorp/google\"]",
      "instances": [
        {
          "schema_version": 0,
          "attributes": {
            "bucket": "b/ena-data-silver-sauter-hydro-forecast",
            "condition": [],
            "etag": "CAM=",
            "id": "b/ena-data-silver-sauter-hydro-forecast/roles/storage.objectAdmin/serviceAccount:github-actions-sa@project-sauter-hydro-forecast.iam.gserviceaccount.com",
            "member": "serviceAccount:github-actions-sa@project-sauter-hydro-forecast.iam.gserviceaccount.com",
            "role": "roles/storage.objectAdmin"
          },
          "sensitive_attributes": [],
          "identity_schema_version": 0,
          "private": "bnVsbA==",
          "dependencies": [
            "google_project_service.apis",
            "google_service_account.github_actions_sa",
            "google_storage_bucket.ena_logs",
            "google_storage_bucket.ena_silver"
          ]
        }
      ]
    },
    {
      "mode": "managed",
      "type": "google_storage_bucket_iam_member",
      "name": "ena_silver_writer",
      "provider": "provider[\"registry.terraform.io/hashicorp/google\"]",
      "instances": [
        {
          "schema_version": 0,
          "attributes": {
            "bucket": "b/ena-data-silver-sauter-hydro-forecast",
            "condition": [],
            "etag": "CAM=",
            "id": "b/ena-data-silver-sauter-hydro-forecast/roles/storage.objectCreator/serviceAccount:sa-ena-pipeline@project-sauter-hydro-forecast.iam.gserviceaccount.com",
            "member": "serviceAccount:sa-ena-pipeline@project-sauter-hydro-forecast.iam.gserviceaccount.com",
            "role": "roles/storage.objectCreator"
          },
          "sensitive_attributes": [],
          "identity_schema_version": 0,
          "private": "bnVsbA==",
          "dependencies": [
            "google_project_service.apis",
            "google_service_account.sa_ena_pipeline",
            "google_storage_bucket.ena_logs",
            "google_storage_bucket.ena_silver"
          ]
        }
      ]
    }
  ],
  "check_results": null
}
